
Microsoft Visual Studio Solution File, Format Version 12.00
# Visual Studio Version 16
VisualStudioVersion = 16.0.32002.261
MinimumVisualStudioVersion = 10.0.40219.1
Project("{FAE04EC0-301F-11D3-BF4B-00C04F79EFBC}") = "ConsoleAppGit", "ConsoleAppGit.csproj", "{2C574BD1-B096-4B0D-AF69-FB8749E9A387}"
EndProject
Global
	GlobalSection(SolutionConfigurationPlatforms) = preSolution
		Debug|Any CPU = Debug|Any CPU
		Release|Any CPU = Release|Any CPU
	EndGlobalSection
	GlobalSection(ProjectConfigurationPlatforms) = postSolution
		{2C574BD1-B096-4B0D-AF69-FB8749E9A387}.Debug|Any CPU.ActiveCfg = Debug|Any CPU
		{2C574BD1-B096-4B0D-AF69-FB8749E9A387}.Debug|Any CPU.Build.0 = Debug|Any CPU
		{2C574BD1-B096-4B0D-AF69-FB8749E9A387}.Release|Any CPU.ActiveCfg = Release|Any CPU
		{2C574BD1-B096-4B0D-AF69-FB8749E9A387}.Release|Any CPU.Build.0 = Release|Any CPU
	EndGlobalSection
	GlobalSection(SolutionProperties) = preSolution
		HideSolutionNode = FALSE
	EndGlobalSection
	GlobalSection(ExtensibilityGlobals) = postSolution
		SolutionGuid = {AE51D3E4-FEDC-4768-B7EE-8A0BCCD94A1C}
	EndGlobalSection
EndGlobal
